// !$*UTF8*$!
{
	archiveVersion = 1;
	classes = {
	};
	objectVersion = 56;
	objects = {

/* Begin PBXBuildFile section */
		A15A0FF729C75FD00043A825 /* UltimatePortfolio2023App.swift in Sources */ = {isa = PBXBuildFile; fileRef = A15A0FF629C75FD00043A825 /* UltimatePortfolio2023App.swift */; };
		A15A0FF929C75FD00043A825 /* ContentView.swift in Sources */ = {isa = PBXBuildFile; fileRef = A15A0FF829C75FD00043A825 /* ContentView.swift */; };
		A15A0FFB29C75FD10043A825 /* Assets.xcassets in Resources */ = {isa = PBXBuildFile; fileRef = A15A0FFA29C75FD10043A825 /* Assets.xcassets */; };
		A15A0FFF29C75FD10043A825 /* Preview Assets.xcassets in Resources */ = {isa = PBXBuildFile; fileRef = A15A0FFE29C75FD10043A825 /* Preview Assets.xcassets */; };
		A15A100929C7660A0043A825 /* DataController.swift in Sources */ = {isa = PBXBuildFile; fileRef = A15A100829C7660A0043A825 /* DataController.swift */; };
		A1F4812529C98BE80075F770 /* SidebarView.swift in Sources */ = {isa = PBXBuildFile; fileRef = A1F4812429C98BE80075F770 /* SidebarView.swift */; };
		A1F4812729C98BF20075F770 /* DetailView.swift in Sources */ = {isa = PBXBuildFile; fileRef = A1F4812629C98BF20075F770 /* DetailView.swift */; };
		A1F4812B29C994980075F770 /* Filter.swift in Sources */ = {isa = PBXBuildFile; fileRef = A1F4812A29C994980075F770 /* Filter.swift */; };
		A1F4813129C996790075F770 /* Main.xcdatamodeld in Sources */ = {isa = PBXBuildFile; fileRef = A1F4812F29C996790075F770 /* Main.xcdatamodeld */; };
		A1F4813529C99D6B0075F770 /* Issue-CoreDataHelpers.swift in Sources */ = {isa = PBXBuildFile; fileRef = A1F4813429C99D6B0075F770 /* Issue-CoreDataHelpers.swift */; };
		A1F4813729C99EDD0075F770 /* Tag-CoreDataHelpers.swift in Sources */ = {isa = PBXBuildFile; fileRef = A1F4813629C99EDD0075F770 /* Tag-CoreDataHelpers.swift */; };
/* End PBXBuildFile section */

/* Begin PBXFileReference section */
		A15A0FF329C75FD00043A825 /* UltimatePortfolio2023.app */ = {isa = PBXFileReference; explicitFileType = wrapper.application; includeInIndex = 0; path = UltimatePortfolio2023.app; sourceTree = BUILT_PRODUCTS_DIR; };
		A15A0FF629C75FD00043A825 /* UltimatePortfolio2023App.swift */ = {isa = PBXFileReference; lastKnownFileType = sourcecode.swift; path = UltimatePortfolio2023App.swift; sourceTree = "<group>"; };
		A15A0FF829C75FD00043A825 /* ContentView.swift */ = {isa = PBXFileReference; lastKnownFileType = sourcecode.swift; path = ContentView.swift; sourceTree = "<group>"; };
		A15A0FFA29C75FD10043A825 /* Assets.xcassets */ = {isa = PBXFileReference; lastKnownFileType = folder.assetcatalog; path = Assets.xcassets; sourceTree = "<group>"; };
		A15A0FFC29C75FD10043A825 /* UltimatePortfolio2023.entitlements */ = {isa = PBXFileReference; lastKnownFileType = text.plist.entitlements; path = UltimatePortfolio2023.entitlements; sourceTree = "<group>"; };
		A15A0FFE29C75FD10043A825 /* Preview Assets.xcassets */ = {isa = PBXFileReference; lastKnownFileType = folder.assetcatalog; path = "Preview Assets.xcassets"; sourceTree = "<group>"; };
		A15A100829C7660A0043A825 /* DataController.swift */ = {isa = PBXFileReference; lastKnownFileType = sourcecode.swift; path = DataController.swift; sourceTree = "<group>"; };
		A15A100A29C76B540043A825 /* Info.plist */ = {isa = PBXFileReference; lastKnownFileType = text.plist; path = Info.plist; sourceTree = "<group>"; };
		A1F4812429C98BE80075F770 /* SidebarView.swift */ = {isa = PBXFileReference; lastKnownFileType = sourcecode.swift; path = SidebarView.swift; sourceTree = "<group>"; };
		A1F4812629C98BF20075F770 /* DetailView.swift */ = {isa = PBXFileReference; lastKnownFileType = sourcecode.swift; path = DetailView.swift; sourceTree = "<group>"; };
		A1F4812A29C994980075F770 /* Filter.swift */ = {isa = PBXFileReference; lastKnownFileType = sourcecode.swift; path = Filter.swift; sourceTree = "<group>"; };
		A1F4813029C996790075F770 /* Main.xcdatamodel */ = {isa = PBXFileReference; lastKnownFileType = wrapper.xcdatamodel; path = Main.xcdatamodel; sourceTree = "<group>"; };
		A1F4813429C99D6B0075F770 /* Issue-CoreDataHelpers.swift */ = {isa = PBXFileReference; lastKnownFileType = sourcecode.swift; path = "Issue-CoreDataHelpers.swift"; sourceTree = "<group>"; };
		A1F4813629C99EDD0075F770 /* Tag-CoreDataHelpers.swift */ = {isa = PBXFileReference; lastKnownFileType = sourcecode.swift; path = "Tag-CoreDataHelpers.swift"; sourceTree = "<group>"; };
/* End PBXFileReference section */

/* Begin PBXFrameworksBuildPhase section */
		A15A0FF029C75FD00043A825 /* Frameworks */ = {
			isa = PBXFrameworksBuildPhase;
			buildActionMask = 2147483647;
			files = (
			);
			runOnlyForDeploymentPostprocessing = 0;
		};
/* End PBXFrameworksBuildPhase section */

/* Begin PBXGroup section */
		A15A0FEA29C75FD00043A825 = {
			isa = PBXGroup;
			children = (
				A15A0FF529C75FD00043A825 /* UltimatePortfolio2023 */,
				A15A0FF429C75FD00043A825 /* Products */,
			);
			sourceTree = "<group>";
		};
		A15A0FF429C75FD00043A825 /* Products */ = {
			isa = PBXGroup;
			children = (
				A15A0FF329C75FD00043A825 /* UltimatePortfolio2023.app */,
			);
			name = Products;
			sourceTree = "<group>";
		};
		A15A0FF529C75FD00043A825 /* UltimatePortfolio2023 */ = {
			isa = PBXGroup;
			children = (
				A15A100A29C76B540043A825 /* Info.plist */,
				A15A0FF629C75FD00043A825 /* UltimatePortfolio2023App.swift */,
				A15A100829C7660A0043A825 /* DataController.swift */,
				A1F4813429C99D6B0075F770 /* Issue-CoreDataHelpers.swift */,
				A1F4813629C99EDD0075F770 /* Tag-CoreDataHelpers.swift */,
				A15A0FF829C75FD00043A825 /* ContentView.swift */,
				A1F4812429C98BE80075F770 /* SidebarView.swift */,
				A1F4812629C98BF20075F770 /* DetailView.swift */,
				A1F4812A29C994980075F770 /* Filter.swift */,
				A1F4812F29C996790075F770 /* Main.xcdatamodeld */,
				A15A0FFA29C75FD10043A825 /* Assets.xcassets */,
				A15A0FFC29C75FD10043A825 /* UltimatePortfolio2023.entitlements */,
				A15A0FFD29C75FD10043A825 /* Preview Content */,
			);
			path = UltimatePortfolio2023;
			sourceTree = "<group>";
		};
		A15A0FFD29C75FD10043A825 /* Preview Content */ = {
			isa = PBXGroup;
			children = (
				A15A0FFE29C75FD10043A825 /* Preview Assets.xcassets */,
			);
			path = "Preview Content";
			sourceTree = "<group>";
		};
/* End PBXGroup section */

/* Begin PBXNativeTarget section */
		A15A0FF229C75FD00043A825 /* UltimatePortfolio2023 */ = {
			isa = PBXNativeTarget;
			buildConfigurationList = A15A100229C75FD10043A825 /* Build configuration list for PBXNativeTarget "UltimatePortfolio2023" */;
			buildPhases = (
				A15A0FEF29C75FD00043A825 /* Sources */,
				A15A0FF029C75FD00043A825 /* Frameworks */,
				A15A0FF129C75FD00043A825 /* Resources */,
			);
			buildRules = (
			);
			dependencies = (
			);
			name = UltimatePortfolio2023;
			productName = UltimatePortfolio2023;
			productReference = A15A0FF329C75FD00043A825 /* UltimatePortfolio2023.app */;
			productType = "com.apple.product-type.application";
		};
/* End PBXNativeTarget section */

/* Begin PBXProject section */
		A15A0FEB29C75FD00043A825 /* Project object */ = {
			isa = PBXProject;
			attributes = {
				BuildIndependentTargetsInParallel = 1;
				LastSwiftUpdateCheck = 1420;
				LastUpgradeCheck = 1420;
				TargetAttributes = {
					A15A0FF229C75FD00043A825 = {
						CreatedOnToolsVersion = 14.2;
					};
				};
			};
			buildConfigurationList = A15A0FEE29C75FD00043A825 /* Build configuration list for PBXProject "UltimatePortfolio2023" */;
			compatibilityVersion = "Xcode 14.0";
			developmentRegion = en;
			hasScannedForEncodings = 0;
			knownRegions = (
				en,
				Base,
			);
			mainGroup = A15A0FEA29C75FD00043A825;
			productRefGroup = A15A0FF429C75FD00043A825 /* Products */;
			projectDirPath = "";
			projectRoot = "";
			targets = (
				A15A0FF229C75FD00043A825 /* UltimatePortfolio2023 */,
			);
		};
/* End PBXProject section */

/* Begin PBXResourcesBuildPhase section */
		A15A0FF129C75FD00043A825 /* Resources */ = {
			isa = PBXResourcesBuildPhase;
			buildActionMask = 2147483647;
			files = (
				A15A0FFF29C75FD10043A825 /* Preview Assets.xcassets in Resources */,
				A15A0FFB29C75FD10043A825 /* Assets.xcassets in Resources */,
			);
			runOnlyForDeploymentPostprocessing = 0;
		};
/* End PBXResourcesBuildPhase section */

/* Begin PBXSourcesBuildPhase section */
		A15A0FEF29C75FD00043A825 /* Sources */ = {
			isa = PBXSourcesBuildPhase;
			buildActionMask = 2147483647;
			files = (
				A1F4812B29C994980075F770 /* Filter.swift in Sources */,
				A1F4813729C99EDD0075F770 /* Tag-CoreDataHelpers.swift in Sources */,
				A1F4812729C98BF20075F770 /* DetailView.swift in Sources */,
				A1F4813529C99D6B0075F770 /* Issue-CoreDataHelpers.swift in Sources */,
				A15A100929C7660A0043A825 /* DataController.swift in Sources */,
				A1F4812529C98BE80075F770 /* SidebarView.swift in Sources */,
				A1F4813129C996790075F770 /* Main.xcdatamodeld in Sources */,
				A15A0FF929C75FD00043A825 /* ContentView.swift in Sources */,
				A15A0FF729C75FD00043A825 /* UltimatePortfolio2023App.swift in Sources */,
			);
			runOnlyForDeploymentPostprocessing = 0;
		};
/* End PBXSourcesBuildPhase section */

/* Begin XCBuildConfiguration section */
		A15A100029C75FD10043A825 /* Debug */ = {
			isa = XCBuildConfiguration;
			buildSettings = {
				ALWAYS_SEARCH_USER_PATHS = NO;
				CLANG_ANALYZER_NONNULL = YES;
				CLANG_ANALYZER_NUMBER_OBJECT_CONVERSION = YES_AGGRESSIVE;
				CLANG_CXX_LANGUAGE_STANDARD = "gnu++20";
				CLANG_ENABLE_MODULES = YES;
				CLANG_ENABLE_OBJC_ARC = YES;
				CLANG_ENABLE_OBJC_WEAK = YES;
				CLANG_WARN_BLOCK_CAPTURE_AUTORELEASING = YES;
				CLANG_WARN_BOOL_CONVERSION = YES;
				CLANG_WARN_COMMA = YES;
				CLANG_WARN_CONSTANT_CONVERSION = YES;
				CLANG_WARN_DEPRECATED_OBJC_IMPLEMENTATIONS = YES;
				CLANG_WARN_DIRECT_OBJC_ISA_USAGE = YES_ERROR;
				CLANG_WARN_DOCUMENTATION_COMMENTS = YES;
				CLANG_WARN_EMPTY_BODY = YES;
				CLANG_WARN_ENUM_CONVERSION = YES;
				CLANG_WARN_INFINITE_RECURSION = YES;
				CLANG_WARN_INT_CONVERSION = YES;
				CLANG_WARN_NON_LITERAL_NULL_CONVERSION = YES;
				CLANG_WARN_OBJC_IMPLICIT_RETAIN_SELF = YES;
				CLANG_WARN_OBJC_LITERAL_CONVERSION = YES;
				CLANG_WARN_OBJC_ROOT_CLASS = YES_ERROR;
				CLANG_WARN_QUOTED_INCLUDE_IN_FRAMEWORK_HEADER = YES;
				CLANG_WARN_RANGE_LOOP_ANALYSIS = YES;
				CLANG_WARN_STRICT_PROTOTYPES = YES;
				CLANG_WARN_SUSPICIOUS_MOVE = YES;
				CLANG_WARN_UNGUARDED_AVAILABILITY = YES_AGGRESSIVE;
				CLANG_WARN_UNREACHABLE_CODE = YES;
				CLANG_WARN__DUPLICATE_METHOD_MATCH = YES;
				COPY_PHASE_STRIP = NO;
				DEBUG_INFORMATION_FORMAT = dwarf;
				ENABLE_STRICT_OBJC_MSGSEND = YES;
				ENABLE_TESTABILITY = YES;
				GCC_C_LANGUAGE_STANDARD = gnu11;
				GCC_DYNAMIC_NO_PIC = NO;
				GCC_NO_COMMON_BLOCKS = YES;
				GCC_OPTIMIZATION_LEVEL = 0;
				GCC_PREPROCESSOR_DEFINITIONS = (
					"DEBUG=1",
					"$(inherited)",
				);
				GCC_WARN_64_TO_32_BIT_CONVERSION = YES;
				GCC_WARN_ABOUT_RETURN_TYPE = YES_ERROR;
				GCC_WARN_UNDECLARED_SELECTOR = YES;
				GCC_WARN_UNINITIALIZED_AUTOS = YES_AGGRESSIVE;
				GCC_WARN_UNUSED_FUNCTION = YES;
				GCC_WARN_UNUSED_VARIABLE = YES;
				MTL_ENABLE_DEBUG_INFO = INCLUDE_SOURCE;
				MTL_FAST_MATH = YES;
				ONLY_ACTIVE_ARCH = YES;
				SWIFT_ACTIVE_COMPILATION_CONDITIONS = DEBUG;
				SWIFT_OPTIMIZATION_LEVEL = "-Onone";
			};
			name = Debug;
		};
		A15A100129C75FD10043A825 /* Release */ = {
			isa = XCBuildConfiguration;
			buildSettings = {
				ALWAYS_SEARCH_USER_PATHS = NO;
				CLANG_ANALYZER_NONNULL = YES;
				CLANG_ANALYZER_NUMBER_OBJECT_CONVERSION = YES_AGGRESSIVE;
				CLANG_CXX_LANGUAGE_STANDARD = "gnu++20";
				CLANG_ENABLE_MODULES = YES;
				CLANG_ENABLE_OBJC_ARC = YES;
				CLANG_ENABLE_OBJC_WEAK = YES;
				CLANG_WARN_BLOCK_CAPTURE_AUTORELEASING = YES;
				CLANG_WARN_BOOL_CONVERSION = YES;
				CLANG_WARN_COMMA = YES;
				CLANG_WARN_CONSTANT_CONVERSION = YES;
				CLANG_WARN_DEPRECATED_OBJC_IMPLEMENTATIONS = YES;
				CLANG_WARN_DIRECT_OBJC_ISA_USAGE = YES_ERROR;
				CLANG_WARN_DOCUMENTATION_COMMENTS = YES;
				CLANG_WARN_EMPTY_BODY = YES;
				CLANG_WARN_ENUM_CONVERSION = YES;
				CLANG_WARN_INFINITE_RECURSION = YES;
				CLANG_WARN_INT_CONVERSION = YES;
				CLANG_WARN_NON_LITERAL_NULL_CONVERSION = YES;
				CLANG_WARN_OBJC_IMPLICIT_RETAIN_SELF = YES;
				CLANG_WARN_OBJC_LITERAL_CONVERSION = YES;
				CLANG_WARN_OBJC_ROOT_CLASS = YES_ERROR;
				CLANG_WARN_QUOTED_INCLUDE_IN_FRAMEWORK_HEADER = YES;
				CLANG_WARN_RANGE_LOOP_ANALYSIS = YES;
				CLANG_WARN_STRICT_PROTOTYPES = YES;
				CLANG_WARN_SUSPICIOUS_MOVE = YES;
				CLANG_WARN_UNGUARDED_AVAILABILITY = YES_AGGRESSIVE;
				CLANG_WARN_UNREACHABLE_CODE = YES;
				CLANG_WARN__DUPLICATE_METHOD_MATCH = YES;
				COPY_PHASE_STRIP = NO;
				DEBUG_INFORMATION_FORMAT = "dwarf-with-dsym";
				ENABLE_NS_ASSERTIONS = NO;
				ENABLE_STRICT_OBJC_MSGSEND = YES;
				GCC_C_LANGUAGE_STANDARD = gnu11;
				GCC_NO_COMMON_BLOCKS = YES;
				GCC_WARN_64_TO_32_BIT_CONVERSION = YES;
				GCC_WARN_ABOUT_RETURN_TYPE = YES_ERROR;
				GCC_WARN_UNDECLARED_SELECTOR = YES;
				GCC_WARN_UNINITIALIZED_AUTOS = YES_AGGRESSIVE;
				GCC_WARN_UNUSED_FUNCTION = YES;
				GCC_WARN_UNUSED_VARIABLE = YES;
				MTL_ENABLE_DEBUG_INFO = NO;
				MTL_FAST_MATH = YES;
				SWIFT_COMPILATION_MODE = wholemodule;
				SWIFT_OPTIMIZATION_LEVEL = "-O";
			};
			name = Release;
		};
		A15A100329C75FD10043A825 /* Debug */ = {
			isa = XCBuildConfiguration;
			buildSettings = {
				ASSETCATALOG_COMPILER_APPICON_NAME = AppIcon;
				ASSETCATALOG_COMPILER_GLOBAL_ACCENT_COLOR_NAME = AccentColor;
				CODE_SIGN_ENTITLEMENTS = UltimatePortfolio2023/UltimatePortfolio2023.entitlements;
				CODE_SIGN_STYLE = Automatic;
				CURRENT_PROJECT_VERSION = 1;
				DEVELOPMENT_ASSET_PATHS = "\"UltimatePortfolio2023/Preview Content\"";
				DEVELOPMENT_TEAM = TK2KPBET54;
				ENABLE_HARDENED_RUNTIME = YES;
				ENABLE_PREVIEWS = YES;
				GENERATE_INFOPLIST_FILE = YES;
				INFOPLIST_FILE = UltimatePortfolio2023/Info.plist;
				"INFOPLIST_KEY_UIApplicationSceneManifest_Generation[sdk=iphoneos*]" = YES;
				"INFOPLIST_KEY_UIApplicationSceneManifest_Generation[sdk=iphonesimulator*]" = YES;
				"INFOPLIST_KEY_UIApplicationSupportsIndirectInputEvents[sdk=iphoneos*]" = YES;
				"INFOPLIST_KEY_UIApplicationSupportsIndirectInputEvents[sdk=iphonesimulator*]" = YES;
				"INFOPLIST_KEY_UILaunchScreen_Generation[sdk=iphoneos*]" = YES;
				"INFOPLIST_KEY_UILaunchScreen_Generation[sdk=iphonesimulator*]" = YES;
				"INFOPLIST_KEY_UIStatusBarStyle[sdk=iphoneos*]" = UIStatusBarStyleDefault;
				"INFOPLIST_KEY_UIStatusBarStyle[sdk=iphonesimulator*]" = UIStatusBarStyleDefault;
				INFOPLIST_KEY_UISupportedInterfaceOrientations_iPad = "UIInterfaceOrientationPortrait UIInterfaceOrientationPortraitUpsideDown UIInterfaceOrientationLandscapeLeft UIInterfaceOrientationLandscapeRight";
				INFOPLIST_KEY_UISupportedInterfaceOrientations_iPhone = "UIInterfaceOrientationPortrait UIInterfaceOrientationLandscapeLeft UIInterfaceOrientationLandscapeRight";
				IPHONEOS_DEPLOYMENT_TARGET = 16.2;
				LD_RUNPATH_SEARCH_PATHS = "@executable_path/Frameworks";
				"LD_RUNPATH_SEARCH_PATHS[sdk=macosx*]" = "@executable_path/../Frameworks";
				MACOSX_DEPLOYMENT_TARGET = 13.1;
				MARKETING_VERSION = 1.0;
				PRODUCT_BUNDLE_IDENTIFIER = com.samh007.UltimatePortfolio2023;
				PRODUCT_NAME = "$(TARGET_NAME)";
				SDKROOT = auto;
				SUPPORTED_PLATFORMS = "iphoneos iphonesimulator macosx";
				SWIFT_EMIT_LOC_STRINGS = YES;
				SWIFT_VERSION = 5.0;
				TARGETED_DEVICE_FAMILY = "1,2";
			};
			name = Debug;
		};
		A15A100429C75FD10043A825 /* Release */ = {
			isa = XCBuildConfiguration;
			buildSettings = {
				ASSETCATALOG_COMPILER_APPICON_NAME = AppIcon;
				ASSETCATALOG_COMPILER_GLOBAL_ACCENT_COLOR_NAME = AccentColor;
				CODE_SIGN_ENTITLEMENTS = UltimatePortfolio2023/UltimatePortfolio2023.entitlements;
				CODE_SIGN_STYLE = Automatic;
				CURRENT_PROJECT_VERSION = 1;
				DEVELOPMENT_ASSET_PATHS = "\"UltimatePortfolio2023/Preview Content\"";
				DEVELOPMENT_TEAM = TK2KPBET54;
				ENABLE_HARDENED_RUNTIME = YES;
				ENABLE_PREVIEWS = YES;
				GENERATE_INFOPLIST_FILE = YES;
				INFOPLIST_FILE = UltimatePortfolio2023/Info.plist;
				"INFOPLIST_KEY_UIApplicationSceneManifest_Generation[sdk=iphoneos*]" = YES;
				"INFOPLIST_KEY_UIApplicationSceneManifest_Generation[sdk=iphonesimulator*]" = YES;
				"INFOPLIST_KEY_UIApplicationSupportsIndirectInputEvents[sdk=iphoneos*]" = YES;
				"INFOPLIST_KEY_UIApplicationSupportsIndirectInputEvents[sdk=iphonesimulator*]" = YES;
				"INFOPLIST_KEY_UILaunchScreen_Generation[sdk=iphoneos*]" = YES;
				"INFOPLIST_KEY_UILaunchScreen_Generation[sdk=iphonesimulator*]" = YES;
				"INFOPLIST_KEY_UIStatusBarStyle[sdk=iphoneos*]" = UIStatusBarStyleDefault;
				"INFOPLIST_KEY_UIStatusBarStyle[sdk=iphonesimulator*]" = UIStatusBarStyleDefault;
				INFOPLIST_KEY_UISupportedInterfaceOrientations_iPad = "UIInterfaceOrientationPortrait UIInterfaceOrientationPortraitUpsideDown UIInterfaceOrientationLandscapeLeft UIInterfaceOrientationLandscapeRight";
				INFOPLIST_KEY_UISupportedInterfaceOrientations_iPhone = "UIInterfaceOrientationPortrait UIInterfaceOrientationLandscapeLeft UIInterfaceOrientationLandscapeRight";
				IPHONEOS_DEPLOYMENT_TARGET = 16.2;
				LD_RUNPATH_SEARCH_PATHS = "@executable_path/Frameworks";
				"LD_RUNPATH_SEARCH_PATHS[sdk=macosx*]" = "@executable_path/../Frameworks";
				MACOSX_DEPLOYMENT_TARGET = 13.1;
				MARKETING_VERSION = 1.0;
				PRODUCT_BUNDLE_IDENTIFIER = com.samh007.UltimatePortfolio2023;
				PRODUCT_NAME = "$(TARGET_NAME)";
				SDKROOT = auto;
				SUPPORTED_PLATFORMS = "iphoneos iphonesimulator macosx";
				SWIFT_EMIT_LOC_STRINGS = YES;
				SWIFT_VERSION = 5.0;
				TARGETED_DEVICE_FAMILY = "1,2";
			};
			name = Release;
		};
/* End XCBuildConfiguration section */

/* Begin XCConfigurationList section */
		A15A0FEE29C75FD00043A825 /* Build configuration list for PBXProject "UltimatePortfolio2023" */ = {
			isa = XCConfigurationList;
			buildConfigurations = (
				A15A100029C75FD10043A825 /* Debug */,
				A15A100129C75FD10043A825 /* Release */,
			);
			defaultConfigurationIsVisible = 0;
			defaultConfigurationName = Release;
		};
		A15A100229C75FD10043A825 /* Build configuration list for PBXNativeTarget "UltimatePortfolio2023" */ = {
			isa = XCConfigurationList;
			buildConfigurations = (
				A15A100329C75FD10043A825 /* Debug */,
				A15A100429C75FD10043A825 /* Release */,
			);
			defaultConfigurationIsVisible = 0;
			defaultConfigurationName = Release;
		};
/* End XCConfigurationList section */

/* Begin XCVersionGroup section */
		A1F4812F29C996790075F770 /* Main.xcdatamodeld */ = {
			isa = XCVersionGroup;
			children = (
				A1F4813029C996790075F770 /* Main.xcdatamodel */,
			);
			currentVersion = A1F4813029C996790075F770 /* Main.xcdatamodel */;
			path = Main.xcdatamodeld;
			sourceTree = "<group>";
			versionGroupType = wrapper.xcdatamodel;
		};
/* End XCVersionGroup section */
	};
	rootObject = A15A0FEB29C75FD00043A825 /* Project object */;
}
