// !$*UTF8*$!
{
	archiveVersion = 1;
	classes = {
	};
	objectVersion = 56;
	objects = {

/* Begin PBXBuildFile section */
		A10589772A66E36F0099A830 /* DevelopmentTests.swift in Sources */ = {isa = PBXBuildFile; fileRef = A10589762A66E36F0099A830 /* DevelopmentTests.swift */; };
		A10A313D2AD6E99E00FCE6C4 /* ContentViewModel.swift in Sources */ = {isa = PBXBuildFile; fileRef = A10A313C2AD6E99E00FCE6C4 /* ContentViewModel.swift */; };
		A10A313F2AD6EAC600FCE6C4 /* IssueRowViewModel.swift in Sources */ = {isa = PBXBuildFile; fileRef = A10A313E2AD6EAC600FCE6C4 /* IssueRowViewModel.swift */; };
		A110636F29CA05A70097B155 /* IssueView.swift in Sources */ = {isa = PBXBuildFile; fileRef = A110636E29CA05A70097B155 /* IssueView.swift */; };
		A110637129CA05B20097B155 /* NoIssueView.swift in Sources */ = {isa = PBXBuildFile; fileRef = A110637029CA05B20097B155 /* NoIssueView.swift */; };
		A15A0FF729C75FD00043A825 /* UltimatePortfolio2023App.swift in Sources */ = {isa = PBXBuildFile; fileRef = A15A0FF629C75FD00043A825 /* UltimatePortfolio2023App.swift */; };
		A15A0FF929C75FD00043A825 /* ContentView.swift in Sources */ = {isa = PBXBuildFile; fileRef = A15A0FF829C75FD00043A825 /* ContentView.swift */; };
		A15A0FFB29C75FD10043A825 /* Assets.xcassets in Resources */ = {isa = PBXBuildFile; fileRef = A15A0FFA29C75FD10043A825 /* Assets.xcassets */; };
		A15A0FFF29C75FD10043A825 /* Preview Assets.xcassets in Resources */ = {isa = PBXBuildFile; fileRef = A15A0FFE29C75FD10043A825 /* Preview Assets.xcassets */; };
		A15A100929C7660A0043A825 /* DataController.swift in Sources */ = {isa = PBXBuildFile; fileRef = A15A100829C7660A0043A825 /* DataController.swift */; };
		A16EA8002AAB70040078CC77 /* SidebarViewModel.swift in Sources */ = {isa = PBXBuildFile; fileRef = A16EA7FF2AAB70040078CC77 /* SidebarViewModel.swift */; };
		A1AB6C622A7DEA33004BEF06 /* ExtensionTests.swift in Sources */ = {isa = PBXBuildFile; fileRef = A1AB6C612A7DEA33004BEF06 /* ExtensionTests.swift */; };
		A1AB6C652A7DFB0D004BEF06 /* DecodableDictionary.json in Resources */ = {isa = PBXBuildFile; fileRef = A1AB6C642A7DFB0D004BEF06 /* DecodableDictionary.json */; };
		A1AB6C672A7DFB3A004BEF06 /* DecodableString.json in Resources */ = {isa = PBXBuildFile; fileRef = A1AB6C662A7DFB3A004BEF06 /* DecodableString.json */; };
		A1AB6C692A7E1F3C004BEF06 /* PerformanceTests.swift in Sources */ = {isa = PBXBuildFile; fileRef = A1AB6C682A7E1F3C004BEF06 /* PerformanceTests.swift */; };
		A1D49E042A650856008862F1 /* TagTests.swift in Sources */ = {isa = PBXBuildFile; fileRef = A1D49E032A650856008862F1 /* TagTests.swift */; };
		A1D49E062A650D55008862F1 /* AwardTest.swift in Sources */ = {isa = PBXBuildFile; fileRef = A1D49E052A650D55008862F1 /* AwardTest.swift */; };
		A1D7F56C2A8E676B00CE1393 /* UltimatePortfolio2023UITests.swift in Sources */ = {isa = PBXBuildFile; fileRef = A1D7F56B2A8E676B00CE1393 /* UltimatePortfolio2023UITests.swift */; };
		A1D7F56E2A8E676B00CE1393 /* UltimatePortfolio2023UITestsLaunchTests.swift in Sources */ = {isa = PBXBuildFile; fileRef = A1D7F56D2A8E676B00CE1393 /* UltimatePortfolio2023UITestsLaunchTests.swift */; };
		A1DEAFAE2A38B82600CB18B1 /* Localizable.strings in Resources */ = {isa = PBXBuildFile; fileRef = A1DEAFB02A38B82600CB18B1 /* Localizable.strings */; };
		A1DEAFB22A38B8A700CB18B1 /* Localizable.stringsdict in Resources */ = {isa = PBXBuildFile; fileRef = A1DEAFB42A38B8A700CB18B1 /* Localizable.stringsdict */; };
		A1DEAFB62A38B97300CB18B1 /* Awards.json in Resources */ = {isa = PBXBuildFile; fileRef = A1DEAFB82A38B97300CB18B1 /* Awards.json */; };
		A1DEAFBB2A38BE3F00CB18B1 /* SidebarViewToolbar.swift in Sources */ = {isa = PBXBuildFile; fileRef = A1DEAFBA2A38BE3F00CB18B1 /* SidebarViewToolbar.swift */; };
		A1DEAFBD2A38BFDB00CB18B1 /* IssueViewToolbar.swift in Sources */ = {isa = PBXBuildFile; fileRef = A1DEAFBC2A38BFDB00CB18B1 /* IssueViewToolbar.swift */; };
		A1DEAFBF2A38C0CB00CB18B1 /* ContentViewToolbar.swift in Sources */ = {isa = PBXBuildFile; fileRef = A1DEAFBE2A38C0CB00CB18B1 /* ContentViewToolbar.swift */; };
		A1DEAFC12A38C27000CB18B1 /* TagsMenuView.swift in Sources */ = {isa = PBXBuildFile; fileRef = A1DEAFC02A38C27000CB18B1 /* TagsMenuView.swift */; };
		A1DEAFC32A38C38700CB18B1 /* SmartFilterRow.swift in Sources */ = {isa = PBXBuildFile; fileRef = A1DEAFC22A38C38700CB18B1 /* SmartFilterRow.swift */; };
		A1DEAFC52A38C3DB00CB18B1 /* UserFilterRow.swift in Sources */ = {isa = PBXBuildFile; fileRef = A1DEAFC42A38C3DB00CB18B1 /* UserFilterRow.swift */; };
		A1F3CD2329E1730800A37D54 /* Bundle-Decodable.swift in Sources */ = {isa = PBXBuildFile; fileRef = A1F3CD2229E1730800A37D54 /* Bundle-Decodable.swift */; };
		A1F3CD2629E177B000A37D54 /* Colors.xcassets in Resources */ = {isa = PBXBuildFile; fileRef = A1F3CD2429E177B000A37D54 /* Colors.xcassets */; };
		A1F3CD2929E1787200A37D54 /* Award.swift in Sources */ = {isa = PBXBuildFile; fileRef = A1F3CD2829E1787200A37D54 /* Award.swift */; };
		A1F3CD2B29E1791C00A37D54 /* AwardsView.swift in Sources */ = {isa = PBXBuildFile; fileRef = A1F3CD2A29E1791C00A37D54 /* AwardsView.swift */; };
		A1F4812529C98BE80075F770 /* SidebarView.swift in Sources */ = {isa = PBXBuildFile; fileRef = A1F4812429C98BE80075F770 /* SidebarView.swift */; };
		A1F4812729C98BF20075F770 /* DetailView.swift in Sources */ = {isa = PBXBuildFile; fileRef = A1F4812629C98BF20075F770 /* DetailView.swift */; };
		A1F4812B29C994980075F770 /* Filter.swift in Sources */ = {isa = PBXBuildFile; fileRef = A1F4812A29C994980075F770 /* Filter.swift */; };
		A1F4813129C996790075F770 /* Main.xcdatamodeld in Sources */ = {isa = PBXBuildFile; fileRef = A1F4812F29C996790075F770 /* Main.xcdatamodeld */; };
		A1F4813529C99D6B0075F770 /* Issue-CoreDataHelpers.swift in Sources */ = {isa = PBXBuildFile; fileRef = A1F4813429C99D6B0075F770 /* Issue-CoreDataHelpers.swift */; };
		A1F4813729C99EDD0075F770 /* Tag-CoreDataHelpers.swift in Sources */ = {isa = PBXBuildFile; fileRef = A1F4813629C99EDD0075F770 /* Tag-CoreDataHelpers.swift */; };
		A1F4813929C9A3690075F770 /* IssueRow.swift in Sources */ = {isa = PBXBuildFile; fileRef = A1F4813829C9A3690075F770 /* IssueRow.swift */; };
		A1FBB6162A3A18D500C1B03E /* UltimatePortfolio2023Tests.swift in Sources */ = {isa = PBXBuildFile; fileRef = A1FBB6152A3A18D500C1B03E /* UltimatePortfolio2023Tests.swift */; };
		A1FBB61E2A3A1BA400C1B03E /* AssetTests.swift in Sources */ = {isa = PBXBuildFile; fileRef = A1FBB61D2A3A1BA400C1B03E /* AssetTests.swift */; };
/* End PBXBuildFile section */

/* Begin PBXContainerItemProxy section */
		A1D7F56F2A8E676B00CE1393 /* PBXContainerItemProxy */ = {
			isa = PBXContainerItemProxy;
			containerPortal = A15A0FEB29C75FD00043A825 /* Project object */;
			proxyType = 1;
			remoteGlobalIDString = A15A0FF229C75FD00043A825;
			remoteInfo = UltimatePortfolio2023;
		};
		A1FBB6172A3A18D500C1B03E /* PBXContainerItemProxy */ = {
			isa = PBXContainerItemProxy;
			containerPortal = A15A0FEB29C75FD00043A825 /* Project object */;
			proxyType = 1;
			remoteGlobalIDString = A15A0FF229C75FD00043A825;
			remoteInfo = UltimatePortfolio2023;
		};
/* End PBXContainerItemProxy section */

/* Begin PBXFileReference section */
		A10589762A66E36F0099A830 /* DevelopmentTests.swift */ = {isa = PBXFileReference; lastKnownFileType = sourcecode.swift; path = DevelopmentTests.swift; sourceTree = "<group>"; };
		A10A313C2AD6E99E00FCE6C4 /* ContentViewModel.swift */ = {isa = PBXFileReference; lastKnownFileType = sourcecode.swift; path = ContentViewModel.swift; sourceTree = "<group>"; };
		A10A313E2AD6EAC600FCE6C4 /* IssueRowViewModel.swift */ = {isa = PBXFileReference; lastKnownFileType = sourcecode.swift; path = IssueRowViewModel.swift; sourceTree = "<group>"; };
		A110636E29CA05A70097B155 /* IssueView.swift */ = {isa = PBXFileReference; lastKnownFileType = sourcecode.swift; path = IssueView.swift; sourceTree = "<group>"; };
		A110637029CA05B20097B155 /* NoIssueView.swift */ = {isa = PBXFileReference; lastKnownFileType = sourcecode.swift; path = NoIssueView.swift; sourceTree = "<group>"; };
		A144D0302A8FC86E007F605F /* UltimatePortfolio2023UITests.xctestplan */ = {isa = PBXFileReference; lastKnownFileType = text; path = UltimatePortfolio2023UITests.xctestplan; sourceTree = "<group>"; };
		A15A0FF329C75FD00043A825 /* UltimatePortfolio2023.app */ = {isa = PBXFileReference; explicitFileType = wrapper.application; includeInIndex = 0; path = UltimatePortfolio2023.app; sourceTree = BUILT_PRODUCTS_DIR; };
		A15A0FF629C75FD00043A825 /* UltimatePortfolio2023App.swift */ = {isa = PBXFileReference; lastKnownFileType = sourcecode.swift; path = UltimatePortfolio2023App.swift; sourceTree = "<group>"; };
		A15A0FF829C75FD00043A825 /* ContentView.swift */ = {isa = PBXFileReference; lastKnownFileType = sourcecode.swift; path = ContentView.swift; sourceTree = "<group>"; };
		A15A0FFA29C75FD10043A825 /* Assets.xcassets */ = {isa = PBXFileReference; lastKnownFileType = folder.assetcatalog; path = Assets.xcassets; sourceTree = "<group>"; };
		A15A0FFC29C75FD10043A825 /* UltimatePortfolio2023.entitlements */ = {isa = PBXFileReference; lastKnownFileType = text.plist.entitlements; path = UltimatePortfolio2023.entitlements; sourceTree = "<group>"; };
		A15A0FFE29C75FD10043A825 /* Preview Assets.xcassets */ = {isa = PBXFileReference; lastKnownFileType = folder.assetcatalog; path = "Preview Assets.xcassets"; sourceTree = "<group>"; };
		A15A100829C7660A0043A825 /* DataController.swift */ = {isa = PBXFileReference; lastKnownFileType = sourcecode.swift; path = DataController.swift; sourceTree = "<group>"; };
		A15A100A29C76B540043A825 /* Info.plist */ = {isa = PBXFileReference; lastKnownFileType = text.plist.xml; path = Info.plist; sourceTree = "<group>"; };
		A16EA7FF2AAB70040078CC77 /* SidebarViewModel.swift */ = {isa = PBXFileReference; lastKnownFileType = sourcecode.swift; path = SidebarViewModel.swift; sourceTree = "<group>"; };
		A1AB6C612A7DEA33004BEF06 /* ExtensionTests.swift */ = {isa = PBXFileReference; lastKnownFileType = sourcecode.swift; path = ExtensionTests.swift; sourceTree = "<group>"; };
		A1AB6C642A7DFB0D004BEF06 /* DecodableDictionary.json */ = {isa = PBXFileReference; lastKnownFileType = text.json; path = DecodableDictionary.json; sourceTree = "<group>"; };
		A1AB6C662A7DFB3A004BEF06 /* DecodableString.json */ = {isa = PBXFileReference; lastKnownFileType = text.json; path = DecodableString.json; sourceTree = "<group>"; };
		A1AB6C682A7E1F3C004BEF06 /* PerformanceTests.swift */ = {isa = PBXFileReference; lastKnownFileType = sourcecode.swift; path = PerformanceTests.swift; sourceTree = "<group>"; };
		A1D49E032A650856008862F1 /* TagTests.swift */ = {isa = PBXFileReference; lastKnownFileType = sourcecode.swift; path = TagTests.swift; sourceTree = "<group>"; };
		A1D49E052A650D55008862F1 /* AwardTest.swift */ = {isa = PBXFileReference; lastKnownFileType = sourcecode.swift; path = AwardTest.swift; sourceTree = "<group>"; };
		A1D7F5692A8E676B00CE1393 /* UltimatePortfolio2023UITests.xctest */ = {isa = PBXFileReference; explicitFileType = wrapper.cfbundle; includeInIndex = 0; path = UltimatePortfolio2023UITests.xctest; sourceTree = BUILT_PRODUCTS_DIR; };
		A1D7F56B2A8E676B00CE1393 /* UltimatePortfolio2023UITests.swift */ = {isa = PBXFileReference; lastKnownFileType = sourcecode.swift; path = UltimatePortfolio2023UITests.swift; sourceTree = "<group>"; };
		A1D7F56D2A8E676B00CE1393 /* UltimatePortfolio2023UITestsLaunchTests.swift */ = {isa = PBXFileReference; lastKnownFileType = sourcecode.swift; path = UltimatePortfolio2023UITestsLaunchTests.swift; sourceTree = "<group>"; };
		A1DEAFAF2A38B82600CB18B1 /* en */ = {isa = PBXFileReference; lastKnownFileType = text.plist.strings; name = en; path = en.lproj/Localizable.strings; sourceTree = "<group>"; };
		A1DEAFB12A38B84900CB18B1 /* hu */ = {isa = PBXFileReference; lastKnownFileType = text.plist.strings; name = hu; path = hu.lproj/Localizable.strings; sourceTree = "<group>"; };
		A1DEAFB32A38B8A700CB18B1 /* en */ = {isa = PBXFileReference; lastKnownFileType = text.plist.stringsdict; name = en; path = en.lproj/Localizable.stringsdict; sourceTree = "<group>"; };
		A1DEAFB52A38B8AB00CB18B1 /* hu */ = {isa = PBXFileReference; lastKnownFileType = text.plist.stringsdict; name = hu; path = hu.lproj/Localizable.stringsdict; sourceTree = "<group>"; };
		A1DEAFB72A38B97300CB18B1 /* en */ = {isa = PBXFileReference; lastKnownFileType = text.json; name = en; path = en.lproj/Awards.json; sourceTree = "<group>"; };
		A1DEAFB92A38B97700CB18B1 /* hu */ = {isa = PBXFileReference; lastKnownFileType = text.json; name = hu; path = hu.lproj/Awards.json; sourceTree = "<group>"; };
		A1DEAFBA2A38BE3F00CB18B1 /* SidebarViewToolbar.swift */ = {isa = PBXFileReference; lastKnownFileType = sourcecode.swift; path = SidebarViewToolbar.swift; sourceTree = "<group>"; };
		A1DEAFBC2A38BFDB00CB18B1 /* IssueViewToolbar.swift */ = {isa = PBXFileReference; lastKnownFileType = sourcecode.swift; path = IssueViewToolbar.swift; sourceTree = "<group>"; };
		A1DEAFBE2A38C0CB00CB18B1 /* ContentViewToolbar.swift */ = {isa = PBXFileReference; lastKnownFileType = sourcecode.swift; path = ContentViewToolbar.swift; sourceTree = "<group>"; };
		A1DEAFC02A38C27000CB18B1 /* TagsMenuView.swift */ = {isa = PBXFileReference; lastKnownFileType = sourcecode.swift; path = TagsMenuView.swift; sourceTree = "<group>"; };
		A1DEAFC22A38C38700CB18B1 /* SmartFilterRow.swift */ = {isa = PBXFileReference; lastKnownFileType = sourcecode.swift; path = SmartFilterRow.swift; sourceTree = "<group>"; };
		A1DEAFC42A38C3DB00CB18B1 /* UserFilterRow.swift */ = {isa = PBXFileReference; lastKnownFileType = sourcecode.swift; path = UserFilterRow.swift; sourceTree = "<group>"; };
		A1F3CD2229E1730800A37D54 /* Bundle-Decodable.swift */ = {isa = PBXFileReference; lastKnownFileType = sourcecode.swift; path = "Bundle-Decodable.swift"; sourceTree = "<group>"; };
		A1F3CD2429E177B000A37D54 /* Colors.xcassets */ = {isa = PBXFileReference; lastKnownFileType = folder.assetcatalog; path = Colors.xcassets; sourceTree = "<group>"; };
		A1F3CD2829E1787200A37D54 /* Award.swift */ = {isa = PBXFileReference; lastKnownFileType = sourcecode.swift; path = Award.swift; sourceTree = "<group>"; };
		A1F3CD2A29E1791C00A37D54 /* AwardsView.swift */ = {isa = PBXFileReference; lastKnownFileType = sourcecode.swift; path = AwardsView.swift; sourceTree = "<group>"; };
		A1F4812429C98BE80075F770 /* SidebarView.swift */ = {isa = PBXFileReference; lastKnownFileType = sourcecode.swift; path = SidebarView.swift; sourceTree = "<group>"; };
		A1F4812629C98BF20075F770 /* DetailView.swift */ = {isa = PBXFileReference; lastKnownFileType = sourcecode.swift; path = DetailView.swift; sourceTree = "<group>"; };
		A1F4812A29C994980075F770 /* Filter.swift */ = {isa = PBXFileReference; lastKnownFileType = sourcecode.swift; path = Filter.swift; sourceTree = "<group>"; };
		A1F4813029C996790075F770 /* Main.xcdatamodel */ = {isa = PBXFileReference; lastKnownFileType = wrapper.xcdatamodel; path = Main.xcdatamodel; sourceTree = "<group>"; };
		A1F4813429C99D6B0075F770 /* Issue-CoreDataHelpers.swift */ = {isa = PBXFileReference; lastKnownFileType = sourcecode.swift; path = "Issue-CoreDataHelpers.swift"; sourceTree = "<group>"; };
		A1F4813629C99EDD0075F770 /* Tag-CoreDataHelpers.swift */ = {isa = PBXFileReference; lastKnownFileType = sourcecode.swift; path = "Tag-CoreDataHelpers.swift"; sourceTree = "<group>"; };
		A1F4813829C9A3690075F770 /* IssueRow.swift */ = {isa = PBXFileReference; lastKnownFileType = sourcecode.swift; path = IssueRow.swift; sourceTree = "<group>"; };
		A1FBB6132A3A18D500C1B03E /* UltimatePortfolio2023Tests.xctest */ = {isa = PBXFileReference; explicitFileType = wrapper.cfbundle; includeInIndex = 0; path = UltimatePortfolio2023Tests.xctest; sourceTree = BUILT_PRODUCTS_DIR; };
		A1FBB6152A3A18D500C1B03E /* UltimatePortfolio2023Tests.swift */ = {isa = PBXFileReference; lastKnownFileType = sourcecode.swift; path = UltimatePortfolio2023Tests.swift; sourceTree = "<group>"; };
		A1FBB61C2A3A19CB00C1B03E /* UltimatePortfolio2023.xctestplan */ = {isa = PBXFileReference; lastKnownFileType = text; path = UltimatePortfolio2023.xctestplan; sourceTree = "<group>"; };
		A1FBB61D2A3A1BA400C1B03E /* AssetTests.swift */ = {isa = PBXFileReference; lastKnownFileType = sourcecode.swift; path = AssetTests.swift; sourceTree = "<group>"; };
/* End PBXFileReference section */

/* Begin PBXFrameworksBuildPhase section */
		A15A0FF029C75FD00043A825 /* Frameworks */ = {
			isa = PBXFrameworksBuildPhase;
			buildActionMask = 2147483647;
			files = (
			);
			runOnlyForDeploymentPostprocessing = 0;
		};
		A1D7F5662A8E676B00CE1393 /* Frameworks */ = {
			isa = PBXFrameworksBuildPhase;
			buildActionMask = 2147483647;
			files = (
			);
			runOnlyForDeploymentPostprocessing = 0;
		};
		A1FBB6102A3A18D500C1B03E /* Frameworks */ = {
			isa = PBXFrameworksBuildPhase;
			buildActionMask = 2147483647;
			files = (
			);
			runOnlyForDeploymentPostprocessing = 0;
		};
/* End PBXFrameworksBuildPhase section */

/* Begin PBXGroup section */
		A15A0FEA29C75FD00043A825 = {
			isa = PBXGroup;
			children = (
				A15A0FF529C75FD00043A825 /* UltimatePortfolio2023 */,
				A1FBB6142A3A18D500C1B03E /* UltimatePortfolio2023Tests */,
				A1D7F56A2A8E676B00CE1393 /* UltimatePortfolio2023UITests */,
				A15A0FF429C75FD00043A825 /* Products */,
			);
			sourceTree = "<group>";
		};
		A15A0FF429C75FD00043A825 /* Products */ = {
			isa = PBXGroup;
			children = (
				A15A0FF329C75FD00043A825 /* UltimatePortfolio2023.app */,
				A1FBB6132A3A18D500C1B03E /* UltimatePortfolio2023Tests.xctest */,
				A1D7F5692A8E676B00CE1393 /* UltimatePortfolio2023UITests.xctest */,
			);
			name = Products;
			sourceTree = "<group>";
		};
		A15A0FF529C75FD00043A825 /* UltimatePortfolio2023 */ = {
			isa = PBXGroup;
			children = (
				A1FBB60C2A3A165600C1B03E /* Filters */,
				A1FBB60A2A3A164500C1B03E /* Issues */,
				A1FBB60D2A3A166200C1B03E /* Editing */,
				A1FBB60B2A3A164E00C1B03E /* Awards */,
				A1FBB6072A3A14B100C1B03E /* Extensions */,
				A1FBB6092A3A14F500C1B03E /* Configuration */,
				A1FBB6082A3A14D600C1B03E /* Localization */,
				A15A0FF629C75FD00043A825 /* UltimatePortfolio2023App.swift */,
				A15A100829C7660A0043A825 /* DataController.swift */,
				A15A0FFA29C75FD10043A825 /* Assets.xcassets */,
				A1F3CD2429E177B000A37D54 /* Colors.xcassets */,
				A15A0FFD29C75FD10043A825 /* Preview Content */,
			);
			path = UltimatePortfolio2023;
			sourceTree = "<group>";
		};
		A15A0FFD29C75FD10043A825 /* Preview Content */ = {
			isa = PBXGroup;
			children = (
				A15A0FFE29C75FD10043A825 /* Preview Assets.xcassets */,
			);
			path = "Preview Content";
			sourceTree = "<group>";
		};
		A1AB6C632A7DFACF004BEF06 /* Fixtures */ = {
			isa = PBXGroup;
			children = (
				A1AB6C642A7DFB0D004BEF06 /* DecodableDictionary.json */,
				A1AB6C662A7DFB3A004BEF06 /* DecodableString.json */,
			);
			path = Fixtures;
			sourceTree = "<group>";
		};
		A1D7F56A2A8E676B00CE1393 /* UltimatePortfolio2023UITests */ = {
			isa = PBXGroup;
			children = (
				A144D0302A8FC86E007F605F /* UltimatePortfolio2023UITests.xctestplan */,
				A1D7F56B2A8E676B00CE1393 /* UltimatePortfolio2023UITests.swift */,
				A1D7F56D2A8E676B00CE1393 /* UltimatePortfolio2023UITestsLaunchTests.swift */,
			);
			path = UltimatePortfolio2023UITests;
			sourceTree = "<group>";
		};
		A1FBB6072A3A14B100C1B03E /* Extensions */ = {
			isa = PBXGroup;
			children = (
				A1F3CD2229E1730800A37D54 /* Bundle-Decodable.swift */,
				A1F4813429C99D6B0075F770 /* Issue-CoreDataHelpers.swift */,
				A1F4813629C99EDD0075F770 /* Tag-CoreDataHelpers.swift */,
			);
			path = Extensions;
			sourceTree = "<group>";
		};
		A1FBB6082A3A14D600C1B03E /* Localization */ = {
			isa = PBXGroup;
			children = (
				A1DEAFB02A38B82600CB18B1 /* Localizable.strings */,
				A1DEAFB42A38B8A700CB18B1 /* Localizable.stringsdict */,
			);
			path = Localization;
			sourceTree = "<group>";
		};
		A1FBB6092A3A14F500C1B03E /* Configuration */ = {
			isa = PBXGroup;
			children = (
				A15A100A29C76B540043A825 /* Info.plist */,
				A15A0FFC29C75FD10043A825 /* UltimatePortfolio2023.entitlements */,
				A1F4812F29C996790075F770 /* Main.xcdatamodeld */,
			);
			path = Configuration;
			sourceTree = "<group>";
		};
		A1FBB60A2A3A164500C1B03E /* Issues */ = {
			isa = PBXGroup;
			children = (
				A15A0FF829C75FD00043A825 /* ContentView.swift */,
				A10A313C2AD6E99E00FCE6C4 /* ContentViewModel.swift */,
				A1DEAFBE2A38C0CB00CB18B1 /* ContentViewToolbar.swift */,
				A1F4813829C9A3690075F770 /* IssueRow.swift */,
				A10A313E2AD6EAC600FCE6C4 /* IssueRowViewModel.swift */,
			);
			path = Issues;
			sourceTree = "<group>";
		};
		A1FBB60B2A3A164E00C1B03E /* Awards */ = {
			isa = PBXGroup;
			children = (
				A1DEAFB82A38B97300CB18B1 /* Awards.json */,
				A1F3CD2829E1787200A37D54 /* Award.swift */,
				A1F3CD2A29E1791C00A37D54 /* AwardsView.swift */,
			);
			path = Awards;
			sourceTree = "<group>";
		};
		A1FBB60C2A3A165600C1B03E /* Filters */ = {
			isa = PBXGroup;
			children = (
				A1F4812A29C994980075F770 /* Filter.swift */,
				A1F4812429C98BE80075F770 /* SidebarView.swift */,
				A16EA7FF2AAB70040078CC77 /* SidebarViewModel.swift */,
				A1DEAFBA2A38BE3F00CB18B1 /* SidebarViewToolbar.swift */,
				A1DEAFC22A38C38700CB18B1 /* SmartFilterRow.swift */,
				A1DEAFC42A38C3DB00CB18B1 /* UserFilterRow.swift */,
			);
			path = Filters;
			sourceTree = "<group>";
		};
		A1FBB60D2A3A166200C1B03E /* Editing */ = {
			isa = PBXGroup;
			children = (
				A1F4812629C98BF20075F770 /* DetailView.swift */,
				A110636E29CA05A70097B155 /* IssueView.swift */,
				A1DEAFBC2A38BFDB00CB18B1 /* IssueViewToolbar.swift */,
				A110637029CA05B20097B155 /* NoIssueView.swift */,
				A1DEAFC02A38C27000CB18B1 /* TagsMenuView.swift */,
			);
			path = Editing;
			sourceTree = "<group>";
		};
		A1FBB6142A3A18D500C1B03E /* UltimatePortfolio2023Tests */ = {
			isa = PBXGroup;
			children = (
				A1AB6C632A7DFACF004BEF06 /* Fixtures */,
				A1FBB61C2A3A19CB00C1B03E /* UltimatePortfolio2023.xctestplan */,
				A1FBB6152A3A18D500C1B03E /* UltimatePortfolio2023Tests.swift */,
				A1FBB61D2A3A1BA400C1B03E /* AssetTests.swift */,
				A1D49E032A650856008862F1 /* TagTests.swift */,
				A1D49E052A650D55008862F1 /* AwardTest.swift */,
				A10589762A66E36F0099A830 /* DevelopmentTests.swift */,
				A1AB6C682A7E1F3C004BEF06 /* PerformanceTests.swift */,
				A1AB6C612A7DEA33004BEF06 /* ExtensionTests.swift */,
			);
			path = UltimatePortfolio2023Tests;
			sourceTree = "<group>";
		};
/* End PBXGroup section */

/* Begin PBXNativeTarget section */
		A15A0FF229C75FD00043A825 /* UltimatePortfolio2023 */ = {
			isa = PBXNativeTarget;
			buildConfigurationList = A15A100229C75FD10043A825 /* Build configuration list for PBXNativeTarget "UltimatePortfolio2023" */;
			buildPhases = (
				A15A0FEF29C75FD00043A825 /* Sources */,
				A15A0FF029C75FD00043A825 /* Frameworks */,
				A15A0FF129C75FD00043A825 /* Resources */,
				A1DEAFC62A38CCF000CB18B1 /* SwiftLint */,
			);
			buildRules = (
			);
			dependencies = (
			);
			name = UltimatePortfolio2023;
			productName = UltimatePortfolio2023;
			productReference = A15A0FF329C75FD00043A825 /* UltimatePortfolio2023.app */;
			productType = "com.apple.product-type.application";
		};
		A1D7F5682A8E676B00CE1393 /* UltimatePortfolio2023UITests */ = {
			isa = PBXNativeTarget;
			buildConfigurationList = A1D7F5732A8E676B00CE1393 /* Build configuration list for PBXNativeTarget "UltimatePortfolio2023UITests" */;
			buildPhases = (
				A1D7F5652A8E676B00CE1393 /* Sources */,
				A1D7F5662A8E676B00CE1393 /* Frameworks */,
				A1D7F5672A8E676B00CE1393 /* Resources */,
			);
			buildRules = (
			);
			dependencies = (
				A1D7F5702A8E676B00CE1393 /* PBXTargetDependency */,
			);
			name = UltimatePortfolio2023UITests;
			productName = UltimatePortfolio2023UITests;
			productReference = A1D7F5692A8E676B00CE1393 /* UltimatePortfolio2023UITests.xctest */;
			productType = "com.apple.product-type.bundle.ui-testing";
		};
		A1FBB6122A3A18D500C1B03E /* UltimatePortfolio2023Tests */ = {
			isa = PBXNativeTarget;
			buildConfigurationList = A1FBB6192A3A18D500C1B03E /* Build configuration list for PBXNativeTarget "UltimatePortfolio2023Tests" */;
			buildPhases = (
				A1FBB60F2A3A18D500C1B03E /* Sources */,
				A1FBB6102A3A18D500C1B03E /* Frameworks */,
				A1FBB6112A3A18D500C1B03E /* Resources */,
			);
			buildRules = (
			);
			dependencies = (
				A1FBB6182A3A18D500C1B03E /* PBXTargetDependency */,
			);
			name = UltimatePortfolio2023Tests;
			productName = UltimatePortfolio2023Tests;
			productReference = A1FBB6132A3A18D500C1B03E /* UltimatePortfolio2023Tests.xctest */;
			productType = "com.apple.product-type.bundle.unit-test";
		};
/* End PBXNativeTarget section */

/* Begin PBXProject section */
		A15A0FEB29C75FD00043A825 /* Project object */ = {
			isa = PBXProject;
			attributes = {
				BuildIndependentTargetsInParallel = 1;
				LastSwiftUpdateCheck = 1430;
				LastUpgradeCheck = 1430;
				TargetAttributes = {
					A15A0FF229C75FD00043A825 = {
						CreatedOnToolsVersion = 14.2;
					};
					A1D7F5682A8E676B00CE1393 = {
						CreatedOnToolsVersion = 14.3.1;
						TestTargetID = A15A0FF229C75FD00043A825;
					};
					A1FBB6122A3A18D500C1B03E = {
						CreatedOnToolsVersion = 14.3.1;
						TestTargetID = A15A0FF229C75FD00043A825;
					};
				};
			};
			buildConfigurationList = A15A0FEE29C75FD00043A825 /* Build configuration list for PBXProject "UltimatePortfolio2023" */;
			compatibilityVersion = "Xcode 14.0";
			developmentRegion = en;
			hasScannedForEncodings = 0;
			knownRegions = (
				en,
				Base,
				hu,
			);
			mainGroup = A15A0FEA29C75FD00043A825;
			productRefGroup = A15A0FF429C75FD00043A825 /* Products */;
			projectDirPath = "";
			projectRoot = "";
			targets = (
				A15A0FF229C75FD00043A825 /* UltimatePortfolio2023 */,
				A1FBB6122A3A18D500C1B03E /* UltimatePortfolio2023Tests */,
				A1D7F5682A8E676B00CE1393 /* UltimatePortfolio2023UITests */,
			);
		};
/* End PBXProject section */

/* Begin PBXResourcesBuildPhase section */
		A15A0FF129C75FD00043A825 /* Resources */ = {
			isa = PBXResourcesBuildPhase;
			buildActionMask = 2147483647;
			files = (
				A1F3CD2629E177B000A37D54 /* Colors.xcassets in Resources */,
				A1DEAFAE2A38B82600CB18B1 /* Localizable.strings in Resources */,
				A1DEAFB62A38B97300CB18B1 /* Awards.json in Resources */,
				A15A0FFF29C75FD10043A825 /* Preview Assets.xcassets in Resources */,
				A15A0FFB29C75FD10043A825 /* Assets.xcassets in Resources */,
				A1DEAFB22A38B8A700CB18B1 /* Localizable.stringsdict in Resources */,
			);
			runOnlyForDeploymentPostprocessing = 0;
		};
		A1D7F5672A8E676B00CE1393 /* Resources */ = {
			isa = PBXResourcesBuildPhase;
			buildActionMask = 2147483647;
			files = (
			);
			runOnlyForDeploymentPostprocessing = 0;
		};
		A1FBB6112A3A18D500C1B03E /* Resources */ = {
			isa = PBXResourcesBuildPhase;
			buildActionMask = 2147483647;
			files = (
				A1AB6C672A7DFB3A004BEF06 /* DecodableString.json in Resources */,
				A1AB6C652A7DFB0D004BEF06 /* DecodableDictionary.json in Resources */,
			);
			runOnlyForDeploymentPostprocessing = 0;
		};
/* End PBXResourcesBuildPhase section */

/* Begin PBXShellScriptBuildPhase section */
		A1DEAFC62A38CCF000CB18B1 /* SwiftLint */ = {
			isa = PBXShellScriptBuildPhase;
			alwaysOutOfDate = 1;
			buildActionMask = 2147483647;
			files = (
			);
			inputFileListPaths = (
			);
			inputPaths = (
			);
			name = SwiftLint;
			outputFileListPaths = (
			);
			outputPaths = (
			);
			runOnlyForDeploymentPostprocessing = 0;
			shellPath = /bin/sh;
			shellScript = "if [[ \"$(uname -m)\" == arm64 ]]; then\n    export PATH=\"/opt/homebrew/bin:$PATH\"\nfi\n\nif which swiftlint > /dev/null; then\n  swiftlint\nelse\n  echo \"warning: SwiftLint not installed, download from https://github.com/realm/SwiftLint\"\nfi\n";
		};
/* End PBXShellScriptBuildPhase section */

/* Begin PBXSourcesBuildPhase section */
		A15A0FEF29C75FD00043A825 /* Sources */ = {
			isa = PBXSourcesBuildPhase;
			buildActionMask = 2147483647;
			files = (
				A1F4812B29C994980075F770 /* Filter.swift in Sources */,
				A1DEAFC12A38C27000CB18B1 /* TagsMenuView.swift in Sources */,
				A1F3CD2929E1787200A37D54 /* Award.swift in Sources */,
				A1DEAFBD2A38BFDB00CB18B1 /* IssueViewToolbar.swift in Sources */,
				A1DEAFC32A38C38700CB18B1 /* SmartFilterRow.swift in Sources */,
				A1F3CD2B29E1791C00A37D54 /* AwardsView.swift in Sources */,
				A1F4813729C99EDD0075F770 /* Tag-CoreDataHelpers.swift in Sources */,
				A1F4812729C98BF20075F770 /* DetailView.swift in Sources */,
				A1F4813529C99D6B0075F770 /* Issue-CoreDataHelpers.swift in Sources */,
				A1F3CD2329E1730800A37D54 /* Bundle-Decodable.swift in Sources */,
				A15A100929C7660A0043A825 /* DataController.swift in Sources */,
				A16EA8002AAB70040078CC77 /* SidebarViewModel.swift in Sources */,
				A10A313D2AD6E99E00FCE6C4 /* ContentViewModel.swift in Sources */,
				A1F4812529C98BE80075F770 /* SidebarView.swift in Sources */,
				A1DEAFBF2A38C0CB00CB18B1 /* ContentViewToolbar.swift in Sources */,
				A1F4813129C996790075F770 /* Main.xcdatamodeld in Sources */,
				A15A0FF929C75FD00043A825 /* ContentView.swift in Sources */,
				A1DEAFBB2A38BE3F00CB18B1 /* SidebarViewToolbar.swift in Sources */,
				A110636F29CA05A70097B155 /* IssueView.swift in Sources */,
				A1DEAFC52A38C3DB00CB18B1 /* UserFilterRow.swift in Sources */,
				A110637129CA05B20097B155 /* NoIssueView.swift in Sources */,
				A1F4813929C9A3690075F770 /* IssueRow.swift in Sources */,
				A15A0FF729C75FD00043A825 /* UltimatePortfolio2023App.swift in Sources */,
				A10A313F2AD6EAC600FCE6C4 /* IssueRowViewModel.swift in Sources */,
			);
			runOnlyForDeploymentPostprocessing = 0;
		};
		A1D7F5652A8E676B00CE1393 /* Sources */ = {
			isa = PBXSourcesBuildPhase;
			buildActionMask = 2147483647;
			files = (
				A1D7F56C2A8E676B00CE1393 /* UltimatePortfolio2023UITests.swift in Sources */,
				A1D7F56E2A8E676B00CE1393 /* UltimatePortfolio2023UITestsLaunchTests.swift in Sources */,
			);
			runOnlyForDeploymentPostprocessing = 0;
		};
		A1FBB60F2A3A18D500C1B03E /* Sources */ = {
			isa = PBXSourcesBuildPhase;
			buildActionMask = 2147483647;
			files = (
				A1AB6C692A7E1F3C004BEF06 /* PerformanceTests.swift in Sources */,
				A1FBB61E2A3A1BA400C1B03E /* AssetTests.swift in Sources */,
				A1D49E062A650D55008862F1 /* AwardTest.swift in Sources */,
				A1D49E042A650856008862F1 /* TagTests.swift in Sources */,
				A1AB6C622A7DEA33004BEF06 /* ExtensionTests.swift in Sources */,
				A1FBB6162A3A18D500C1B03E /* UltimatePortfolio2023Tests.swift in Sources */,
				A10589772A66E36F0099A830 /* DevelopmentTests.swift in Sources */,
			);
			runOnlyForDeploymentPostprocessing = 0;
		};
/* End PBXSourcesBuildPhase section */

/* Begin PBXTargetDependency section */
		A1D7F5702A8E676B00CE1393 /* PBXTargetDependency */ = {
			isa = PBXTargetDependency;
			target = A15A0FF229C75FD00043A825 /* UltimatePortfolio2023 */;
			targetProxy = A1D7F56F2A8E676B00CE1393 /* PBXContainerItemProxy */;
		};
		A1FBB6182A3A18D500C1B03E /* PBXTargetDependency */ = {
			isa = PBXTargetDependency;
			target = A15A0FF229C75FD00043A825 /* UltimatePortfolio2023 */;
			targetProxy = A1FBB6172A3A18D500C1B03E /* PBXContainerItemProxy */;
		};
/* End PBXTargetDependency section */

/* Begin PBXVariantGroup section */
		A1DEAFB02A38B82600CB18B1 /* Localizable.strings */ = {
			isa = PBXVariantGroup;
			children = (
				A1DEAFAF2A38B82600CB18B1 /* en */,
				A1DEAFB12A38B84900CB18B1 /* hu */,
			);
			name = Localizable.strings;
			sourceTree = "<group>";
		};
		A1DEAFB42A38B8A700CB18B1 /* Localizable.stringsdict */ = {
			isa = PBXVariantGroup;
			children = (
				A1DEAFB32A38B8A700CB18B1 /* en */,
				A1DEAFB52A38B8AB00CB18B1 /* hu */,
			);
			name = Localizable.stringsdict;
			sourceTree = "<group>";
		};
		A1DEAFB82A38B97300CB18B1 /* Awards.json */ = {
			isa = PBXVariantGroup;
			children = (
				A1DEAFB72A38B97300CB18B1 /* en */,
				A1DEAFB92A38B97700CB18B1 /* hu */,
			);
			name = Awards.json;
			sourceTree = "<group>";
		};
/* End PBXVariantGroup section */

/* Begin XCBuildConfiguration section */
		A15A100029C75FD10043A825 /* Debug */ = {
			isa = XCBuildConfiguration;
			buildSettings = {
				ALWAYS_SEARCH_USER_PATHS = NO;
				CLANG_ANALYZER_NONNULL = YES;
				CLANG_ANALYZER_NUMBER_OBJECT_CONVERSION = YES_AGGRESSIVE;
				CLANG_CXX_LANGUAGE_STANDARD = "gnu++20";
				CLANG_ENABLE_MODULES = YES;
				CLANG_ENABLE_OBJC_ARC = YES;
				CLANG_ENABLE_OBJC_WEAK = YES;
				CLANG_WARN_BLOCK_CAPTURE_AUTORELEASING = YES;
				CLANG_WARN_BOOL_CONVERSION = YES;
				CLANG_WARN_COMMA = YES;
				CLANG_WARN_CONSTANT_CONVERSION = YES;
				CLANG_WARN_DEPRECATED_OBJC_IMPLEMENTATIONS = YES;
				CLANG_WARN_DIRECT_OBJC_ISA_USAGE = YES_ERROR;
				CLANG_WARN_DOCUMENTATION_COMMENTS = YES;
				CLANG_WARN_EMPTY_BODY = YES;
				CLANG_WARN_ENUM_CONVERSION = YES;
				CLANG_WARN_INFINITE_RECURSION = YES;
				CLANG_WARN_INT_CONVERSION = YES;
				CLANG_WARN_NON_LITERAL_NULL_CONVERSION = YES;
				CLANG_WARN_OBJC_IMPLICIT_RETAIN_SELF = YES;
				CLANG_WARN_OBJC_LITERAL_CONVERSION = YES;
				CLANG_WARN_OBJC_ROOT_CLASS = YES_ERROR;
				CLANG_WARN_QUOTED_INCLUDE_IN_FRAMEWORK_HEADER = YES;
				CLANG_WARN_RANGE_LOOP_ANALYSIS = YES;
				CLANG_WARN_STRICT_PROTOTYPES = YES;
				CLANG_WARN_SUSPICIOUS_MOVE = YES;
				CLANG_WARN_UNGUARDED_AVAILABILITY = YES_AGGRESSIVE;
				CLANG_WARN_UNREACHABLE_CODE = YES;
				CLANG_WARN__DUPLICATE_METHOD_MATCH = YES;
				COPY_PHASE_STRIP = NO;
				DEAD_CODE_STRIPPING = YES;
				DEBUG_INFORMATION_FORMAT = dwarf;
				ENABLE_STRICT_OBJC_MSGSEND = YES;
				ENABLE_TESTABILITY = YES;
				GCC_C_LANGUAGE_STANDARD = gnu11;
				GCC_DYNAMIC_NO_PIC = NO;
				GCC_NO_COMMON_BLOCKS = YES;
				GCC_OPTIMIZATION_LEVEL = 0;
				GCC_PREPROCESSOR_DEFINITIONS = (
					"DEBUG=1",
					"$(inherited)",
				);
				GCC_WARN_64_TO_32_BIT_CONVERSION = YES;
				GCC_WARN_ABOUT_RETURN_TYPE = YES_ERROR;
				GCC_WARN_UNDECLARED_SELECTOR = YES;
				GCC_WARN_UNINITIALIZED_AUTOS = YES_AGGRESSIVE;
				GCC_WARN_UNUSED_FUNCTION = YES;
				GCC_WARN_UNUSED_VARIABLE = YES;
				MTL_ENABLE_DEBUG_INFO = INCLUDE_SOURCE;
				MTL_FAST_MATH = YES;
				ONLY_ACTIVE_ARCH = YES;
				SWIFT_ACTIVE_COMPILATION_CONDITIONS = DEBUG;
				SWIFT_OPTIMIZATION_LEVEL = "-Onone";
			};
			name = Debug;
		};
		A15A100129C75FD10043A825 /* Release */ = {
			isa = XCBuildConfiguration;
			buildSettings = {
				ALWAYS_SEARCH_USER_PATHS = NO;
				CLANG_ANALYZER_NONNULL = YES;
				CLANG_ANALYZER_NUMBER_OBJECT_CONVERSION = YES_AGGRESSIVE;
				CLANG_CXX_LANGUAGE_STANDARD = "gnu++20";
				CLANG_ENABLE_MODULES = YES;
				CLANG_ENABLE_OBJC_ARC = YES;
				CLANG_ENABLE_OBJC_WEAK = YES;
				CLANG_WARN_BLOCK_CAPTURE_AUTORELEASING = YES;
				CLANG_WARN_BOOL_CONVERSION = YES;
				CLANG_WARN_COMMA = YES;
				CLANG_WARN_CONSTANT_CONVERSION = YES;
				CLANG_WARN_DEPRECATED_OBJC_IMPLEMENTATIONS = YES;
				CLANG_WARN_DIRECT_OBJC_ISA_USAGE = YES_ERROR;
				CLANG_WARN_DOCUMENTATION_COMMENTS = YES;
				CLANG_WARN_EMPTY_BODY = YES;
				CLANG_WARN_ENUM_CONVERSION = YES;
				CLANG_WARN_INFINITE_RECURSION = YES;
				CLANG_WARN_INT_CONVERSION = YES;
				CLANG_WARN_NON_LITERAL_NULL_CONVERSION = YES;
				CLANG_WARN_OBJC_IMPLICIT_RETAIN_SELF = YES;
				CLANG_WARN_OBJC_LITERAL_CONVERSION = YES;
				CLANG_WARN_OBJC_ROOT_CLASS = YES_ERROR;
				CLANG_WARN_QUOTED_INCLUDE_IN_FRAMEWORK_HEADER = YES;
				CLANG_WARN_RANGE_LOOP_ANALYSIS = YES;
				CLANG_WARN_STRICT_PROTOTYPES = YES;
				CLANG_WARN_SUSPICIOUS_MOVE = YES;
				CLANG_WARN_UNGUARDED_AVAILABILITY = YES_AGGRESSIVE;
				CLANG_WARN_UNREACHABLE_CODE = YES;
				CLANG_WARN__DUPLICATE_METHOD_MATCH = YES;
				COPY_PHASE_STRIP = NO;
				DEAD_CODE_STRIPPING = YES;
				DEBUG_INFORMATION_FORMAT = "dwarf-with-dsym";
				ENABLE_NS_ASSERTIONS = NO;
				ENABLE_STRICT_OBJC_MSGSEND = YES;
				GCC_C_LANGUAGE_STANDARD = gnu11;
				GCC_NO_COMMON_BLOCKS = YES;
				GCC_WARN_64_TO_32_BIT_CONVERSION = YES;
				GCC_WARN_ABOUT_RETURN_TYPE = YES_ERROR;
				GCC_WARN_UNDECLARED_SELECTOR = YES;
				GCC_WARN_UNINITIALIZED_AUTOS = YES_AGGRESSIVE;
				GCC_WARN_UNUSED_FUNCTION = YES;
				GCC_WARN_UNUSED_VARIABLE = YES;
				MTL_ENABLE_DEBUG_INFO = NO;
				MTL_FAST_MATH = YES;
				SWIFT_COMPILATION_MODE = wholemodule;
				SWIFT_OPTIMIZATION_LEVEL = "-O";
			};
			name = Release;
		};
		A15A100329C75FD10043A825 /* Debug */ = {
			isa = XCBuildConfiguration;
			buildSettings = {
				ASSETCATALOG_COMPILER_APPICON_NAME = AppIcon;
				ASSETCATALOG_COMPILER_GLOBAL_ACCENT_COLOR_NAME = AccentColor;
				CODE_SIGN_ENTITLEMENTS = UltimatePortfolio2023/Configuration/UltimatePortfolio2023.entitlements;
				CODE_SIGN_STYLE = Automatic;
				CURRENT_PROJECT_VERSION = 1;
				DEAD_CODE_STRIPPING = YES;
				DEVELOPMENT_ASSET_PATHS = "\"UltimatePortfolio2023/Preview Content\"";
				DEVELOPMENT_TEAM = TK2KPBET54;
				ENABLE_HARDENED_RUNTIME = YES;
				ENABLE_PREVIEWS = YES;
				GENERATE_INFOPLIST_FILE = YES;
				INFOPLIST_FILE = UltimatePortfolio2023/Configuration/Info.plist;
				"INFOPLIST_KEY_UIApplicationSceneManifest_Generation[sdk=iphoneos*]" = YES;
				"INFOPLIST_KEY_UIApplicationSceneManifest_Generation[sdk=iphonesimulator*]" = YES;
				"INFOPLIST_KEY_UIApplicationSupportsIndirectInputEvents[sdk=iphoneos*]" = YES;
				"INFOPLIST_KEY_UIApplicationSupportsIndirectInputEvents[sdk=iphonesimulator*]" = YES;
				"INFOPLIST_KEY_UILaunchScreen_Generation[sdk=iphoneos*]" = YES;
				"INFOPLIST_KEY_UILaunchScreen_Generation[sdk=iphonesimulator*]" = YES;
				"INFOPLIST_KEY_UIStatusBarStyle[sdk=iphoneos*]" = UIStatusBarStyleDefault;
				"INFOPLIST_KEY_UIStatusBarStyle[sdk=iphonesimulator*]" = UIStatusBarStyleDefault;
				INFOPLIST_KEY_UISupportedInterfaceOrientations_iPad = "UIInterfaceOrientationPortrait UIInterfaceOrientationPortraitUpsideDown UIInterfaceOrientationLandscapeLeft UIInterfaceOrientationLandscapeRight";
				INFOPLIST_KEY_UISupportedInterfaceOrientations_iPhone = "UIInterfaceOrientationPortrait UIInterfaceOrientationLandscapeLeft UIInterfaceOrientationLandscapeRight";
				IPHONEOS_DEPLOYMENT_TARGET = 16.2;
				LD_RUNPATH_SEARCH_PATHS = "@executable_path/Frameworks";
				"LD_RUNPATH_SEARCH_PATHS[sdk=macosx*]" = "@executable_path/../Frameworks";
				MACOSX_DEPLOYMENT_TARGET = 13.1;
				MARKETING_VERSION = 1.0;
				PRODUCT_BUNDLE_IDENTIFIER = com.samh007.UltimatePortfolio2023;
				PRODUCT_NAME = "$(TARGET_NAME)";
				SDKROOT = auto;
				SUPPORTED_PLATFORMS = "iphoneos iphonesimulator macosx";
				SWIFT_EMIT_LOC_STRINGS = YES;
				SWIFT_VERSION = 5.0;
				TARGETED_DEVICE_FAMILY = "1,2";
			};
			name = Debug;
		};
		A15A100429C75FD10043A825 /* Release */ = {
			isa = XCBuildConfiguration;
			buildSettings = {
				ASSETCATALOG_COMPILER_APPICON_NAME = AppIcon;
				ASSETCATALOG_COMPILER_GLOBAL_ACCENT_COLOR_NAME = AccentColor;
				CODE_SIGN_ENTITLEMENTS = UltimatePortfolio2023/Configuration/UltimatePortfolio2023.entitlements;
				CODE_SIGN_STYLE = Automatic;
				CURRENT_PROJECT_VERSION = 1;
				DEAD_CODE_STRIPPING = YES;
				DEVELOPMENT_ASSET_PATHS = "\"UltimatePortfolio2023/Preview Content\"";
				DEVELOPMENT_TEAM = TK2KPBET54;
				ENABLE_HARDENED_RUNTIME = YES;
				ENABLE_PREVIEWS = YES;
				GENERATE_INFOPLIST_FILE = YES;
				INFOPLIST_FILE = UltimatePortfolio2023/Configuration/Info.plist;
				"INFOPLIST_KEY_UIApplicationSceneManifest_Generation[sdk=iphoneos*]" = YES;
				"INFOPLIST_KEY_UIApplicationSceneManifest_Generation[sdk=iphonesimulator*]" = YES;
				"INFOPLIST_KEY_UIApplicationSupportsIndirectInputEvents[sdk=iphoneos*]" = YES;
				"INFOPLIST_KEY_UIApplicationSupportsIndirectInputEvents[sdk=iphonesimulator*]" = YES;
				"INFOPLIST_KEY_UILaunchScreen_Generation[sdk=iphoneos*]" = YES;
				"INFOPLIST_KEY_UILaunchScreen_Generation[sdk=iphonesimulator*]" = YES;
				"INFOPLIST_KEY_UIStatusBarStyle[sdk=iphoneos*]" = UIStatusBarStyleDefault;
				"INFOPLIST_KEY_UIStatusBarStyle[sdk=iphonesimulator*]" = UIStatusBarStyleDefault;
				INFOPLIST_KEY_UISupportedInterfaceOrientations_iPad = "UIInterfaceOrientationPortrait UIInterfaceOrientationPortraitUpsideDown UIInterfaceOrientationLandscapeLeft UIInterfaceOrientationLandscapeRight";
				INFOPLIST_KEY_UISupportedInterfaceOrientations_iPhone = "UIInterfaceOrientationPortrait UIInterfaceOrientationLandscapeLeft UIInterfaceOrientationLandscapeRight";
				IPHONEOS_DEPLOYMENT_TARGET = 16.2;
				LD_RUNPATH_SEARCH_PATHS = "@executable_path/Frameworks";
				"LD_RUNPATH_SEARCH_PATHS[sdk=macosx*]" = "@executable_path/../Frameworks";
				MACOSX_DEPLOYMENT_TARGET = 13.1;
				MARKETING_VERSION = 1.0;
				PRODUCT_BUNDLE_IDENTIFIER = com.samh007.UltimatePortfolio2023;
				PRODUCT_NAME = "$(TARGET_NAME)";
				SDKROOT = auto;
				SUPPORTED_PLATFORMS = "iphoneos iphonesimulator macosx";
				SWIFT_EMIT_LOC_STRINGS = YES;
				SWIFT_VERSION = 5.0;
				TARGETED_DEVICE_FAMILY = "1,2";
			};
			name = Release;
		};
		A1D7F5712A8E676B00CE1393 /* Debug */ = {
			isa = XCBuildConfiguration;
			buildSettings = {
				CODE_SIGN_STYLE = Automatic;
				CURRENT_PROJECT_VERSION = 1;
				DEVELOPMENT_TEAM = TK2KPBET54;
				GENERATE_INFOPLIST_FILE = YES;
				IPHONEOS_DEPLOYMENT_TARGET = 16.4;
				MARKETING_VERSION = 1.0;
				PRODUCT_BUNDLE_IDENTIFIER = com.samh007.UltimatePortfolio2023UITests;
				PRODUCT_NAME = "$(TARGET_NAME)";
				SDKROOT = iphoneos;
				SWIFT_EMIT_LOC_STRINGS = NO;
				SWIFT_VERSION = 5.0;
				TARGETED_DEVICE_FAMILY = "1,2";
				TEST_TARGET_NAME = UltimatePortfolio2023;
			};
			name = Debug;
		};
		A1D7F5722A8E676B00CE1393 /* Release */ = {
			isa = XCBuildConfiguration;
			buildSettings = {
				CODE_SIGN_STYLE = Automatic;
				CURRENT_PROJECT_VERSION = 1;
				DEVELOPMENT_TEAM = TK2KPBET54;
				GENERATE_INFOPLIST_FILE = YES;
				IPHONEOS_DEPLOYMENT_TARGET = 16.4;
				MARKETING_VERSION = 1.0;
				PRODUCT_BUNDLE_IDENTIFIER = com.samh007.UltimatePortfolio2023UITests;
				PRODUCT_NAME = "$(TARGET_NAME)";
				SDKROOT = iphoneos;
				SWIFT_EMIT_LOC_STRINGS = NO;
				SWIFT_VERSION = 5.0;
				TARGETED_DEVICE_FAMILY = "1,2";
				TEST_TARGET_NAME = UltimatePortfolio2023;
				VALIDATE_PRODUCT = YES;
			};
			name = Release;
		};
		A1FBB61A2A3A18D500C1B03E /* Debug */ = {
			isa = XCBuildConfiguration;
			buildSettings = {
				BUNDLE_LOADER = "$(TEST_HOST)";
				CODE_SIGN_STYLE = Automatic;
				CURRENT_PROJECT_VERSION = 1;
				DEVELOPMENT_TEAM = TK2KPBET54;
				GENERATE_INFOPLIST_FILE = YES;
				IPHONEOS_DEPLOYMENT_TARGET = 16.4;
				MARKETING_VERSION = 1.0;
				PRODUCT_BUNDLE_IDENTIFIER = com.samh007.UltimatePortfolio2023Tests;
				PRODUCT_NAME = "$(TARGET_NAME)";
				SDKROOT = iphoneos;
				SWIFT_EMIT_LOC_STRINGS = NO;
				SWIFT_VERSION = 5.0;
				TARGETED_DEVICE_FAMILY = "1,2";
				TEST_HOST = "$(BUILT_PRODUCTS_DIR)/UltimatePortfolio2023.app/$(BUNDLE_EXECUTABLE_FOLDER_PATH)/UltimatePortfolio2023";
			};
			name = Debug;
		};
		A1FBB61B2A3A18D500C1B03E /* Release */ = {
			isa = XCBuildConfiguration;
			buildSettings = {
				BUNDLE_LOADER = "$(TEST_HOST)";
				CODE_SIGN_STYLE = Automatic;
				CURRENT_PROJECT_VERSION = 1;
				DEVELOPMENT_TEAM = TK2KPBET54;
				GENERATE_INFOPLIST_FILE = YES;
				IPHONEOS_DEPLOYMENT_TARGET = 16.4;
				MARKETING_VERSION = 1.0;
				PRODUCT_BUNDLE_IDENTIFIER = com.samh007.UltimatePortfolio2023Tests;
				PRODUCT_NAME = "$(TARGET_NAME)";
				SDKROOT = iphoneos;
				SWIFT_EMIT_LOC_STRINGS = NO;
				SWIFT_VERSION = 5.0;
				TARGETED_DEVICE_FAMILY = "1,2";
				TEST_HOST = "$(BUILT_PRODUCTS_DIR)/UltimatePortfolio2023.app/$(BUNDLE_EXECUTABLE_FOLDER_PATH)/UltimatePortfolio2023";
				VALIDATE_PRODUCT = YES;
			};
			name = Release;
		};
/* End XCBuildConfiguration section */

/* Begin XCConfigurationList section */
		A15A0FEE29C75FD00043A825 /* Build configuration list for PBXProject "UltimatePortfolio2023" */ = {
			isa = XCConfigurationList;
			buildConfigurations = (
				A15A100029C75FD10043A825 /* Debug */,
				A15A100129C75FD10043A825 /* Release */,
			);
			defaultConfigurationIsVisible = 0;
			defaultConfigurationName = Release;
		};
		A15A100229C75FD10043A825 /* Build configuration list for PBXNativeTarget "UltimatePortfolio2023" */ = {
			isa = XCConfigurationList;
			buildConfigurations = (
				A15A100329C75FD10043A825 /* Debug */,
				A15A100429C75FD10043A825 /* Release */,
			);
			defaultConfigurationIsVisible = 0;
			defaultConfigurationName = Release;
		};
		A1D7F5732A8E676B00CE1393 /* Build configuration list for PBXNativeTarget "UltimatePortfolio2023UITests" */ = {
			isa = XCConfigurationList;
			buildConfigurations = (
				A1D7F5712A8E676B00CE1393 /* Debug */,
				A1D7F5722A8E676B00CE1393 /* Release */,
			);
			defaultConfigurationIsVisible = 0;
			defaultConfigurationName = Release;
		};
		A1FBB6192A3A18D500C1B03E /* Build configuration list for PBXNativeTarget "UltimatePortfolio2023Tests" */ = {
			isa = XCConfigurationList;
			buildConfigurations = (
				A1FBB61A2A3A18D500C1B03E /* Debug */,
				A1FBB61B2A3A18D500C1B03E /* Release */,
			);
			defaultConfigurationIsVisible = 0;
			defaultConfigurationName = Release;
		};
/* End XCConfigurationList section */

/* Begin XCVersionGroup section */
		A1F4812F29C996790075F770 /* Main.xcdatamodeld */ = {
			isa = XCVersionGroup;
			children = (
				A1F4813029C996790075F770 /* Main.xcdatamodel */,
			);
			currentVersion = A1F4813029C996790075F770 /* Main.xcdatamodel */;
			path = Main.xcdatamodeld;
			sourceTree = "<group>";
			versionGroupType = wrapper.xcdatamodel;
		};
/* End XCVersionGroup section */
	};
	rootObject = A15A0FEB29C75FD00043A825 /* Project object */;
}
